// !$*UTF8*$!
{
	archiveVersion = 1;
	classes = {
	};
	objectVersion = 56;
	objects = {

/* Begin PBXBuildFile section */
		A5E333892AEBE48F0089DD81 /* AutoCareApp.swift in Sources */ = {isa = PBXBuildFile; fileRef = A5E333882AEBE48F0089DD81 /* AutoCareApp.swift */; };
		A5E3338B2AEBE48F0089DD81 /* ContentView.swift in Sources */ = {isa = PBXBuildFile; fileRef = A5E3338A2AEBE48F0089DD81 /* ContentView.swift */; };
		A5E3338D2AEBE4900089DD81 /* Assets.xcassets in Resources */ = {isa = PBXBuildFile; fileRef = A5E3338C2AEBE4900089DD81 /* Assets.xcassets */; };
		A5E333912AEBE4900089DD81 /* Preview Assets.xcassets in Resources */ = {isa = PBXBuildFile; fileRef = A5E333902AEBE4900089DD81 /* Preview Assets.xcassets */; };
		A5E333992AEBE5040089DD81 /* Realm in Frameworks */ = {isa = PBXBuildFile; productRef = A5E333982AEBE5040089DD81 /* Realm */; };
		A5E3339B2AEBE5040089DD81 /* RealmSwift in Frameworks */ = {isa = PBXBuildFile; productRef = A5E3339A2AEBE5040089DD81 /* RealmSwift */; };
		A5E333A02AEBEAA20089DD81 /* Config.swift in Sources */ = {isa = PBXBuildFile; fileRef = A5E3339F2AEBEAA20089DD81 /* Config.swift */; };
		A5E333A12AEBEB940089DD81 /* Config.xcconfig in Resources */ = {isa = PBXBuildFile; fileRef = A5E3339D2AEBEA300089DD81 /* Config.xcconfig */; };
/* End PBXBuildFile section */

/* Begin PBXFileReference section */
		A5E333852AEBE48F0089DD81 /* AutoCare.app */ = {isa = PBXFileReference; explicitFileType = wrapper.application; includeInIndex = 0; path = AutoCare.app; sourceTree = BUILT_PRODUCTS_DIR; };
		A5E333882AEBE48F0089DD81 /* AutoCareApp.swift */ = {isa = PBXFileReference; lastKnownFileType = sourcecode.swift; path = AutoCareApp.swift; sourceTree = "<group>"; };
		A5E3338A2AEBE48F0089DD81 /* ContentView.swift */ = {isa = PBXFileReference; lastKnownFileType = sourcecode.swift; path = ContentView.swift; sourceTree = "<group>"; };
		A5E3338C2AEBE4900089DD81 /* Assets.xcassets */ = {isa = PBXFileReference; lastKnownFileType = folder.assetcatalog; path = Assets.xcassets; sourceTree = "<group>"; };
		A5E3338E2AEBE4900089DD81 /* AutoCare.entitlements */ = {isa = PBXFileReference; lastKnownFileType = text.plist.entitlements; path = AutoCare.entitlements; sourceTree = "<group>"; };
		A5E333902AEBE4900089DD81 /* Preview Assets.xcassets */ = {isa = PBXFileReference; lastKnownFileType = folder.assetcatalog; path = "Preview Assets.xcassets"; sourceTree = "<group>"; };
		A5E3339D2AEBEA300089DD81 /* Config.xcconfig */ = {isa = PBXFileReference; lastKnownFileType = text.xcconfig; path = Config.xcconfig; sourceTree = "<group>"; };
		A5E3339E2AEBEA5F0089DD81 /* Info.plist */ = {isa = PBXFileReference; lastKnownFileType = text.plist; path = Info.plist; sourceTree = "<group>"; };
		A5E3339F2AEBEAA20089DD81 /* Config.swift */ = {isa = PBXFileReference; lastKnownFileType = sourcecode.swift; path = Config.swift; sourceTree = "<group>"; };
/* End PBXFileReference section */

/* Begin PBXFrameworksBuildPhase section */
		A5E333822AEBE48F0089DD81 /* Frameworks */ = {
			isa = PBXFrameworksBuildPhase;
			buildActionMask = 2147483647;
			files = (
				A5E3339B2AEBE5040089DD81 /* RealmSwift in Frameworks */,
				A5E333992AEBE5040089DD81 /* Realm in Frameworks */,
			);
			runOnlyForDeploymentPostprocessing = 0;
		};
/* End PBXFrameworksBuildPhase section */

/* Begin PBXGroup section */
		A5E3337C2AEBE48F0089DD81 = {
			isa = PBXGroup;
			children = (
				A5E333872AEBE48F0089DD81 /* AutoCare */,
				A5E333862AEBE48F0089DD81 /* Products */,
			);
			sourceTree = "<group>";
		};
		A5E333862AEBE48F0089DD81 /* Products */ = {
			isa = PBXGroup;
			children = (
				A5E333852AEBE48F0089DD81 /* AutoCare.app */,
			);
			name = Products;
			sourceTree = "<group>";
		};
		A5E333872AEBE48F0089DD81 /* AutoCare */ = {
			isa = PBXGroup;
			children = (
				A5E3339E2AEBEA5F0089DD81 /* Info.plist */,
				A5E3339C2AEBEA220089DD81 /* Config */,
				A5E333882AEBE48F0089DD81 /* AutoCareApp.swift */,
				A5E3338A2AEBE48F0089DD81 /* ContentView.swift */,
				A5E3338C2AEBE4900089DD81 /* Assets.xcassets */,
				A5E3338E2AEBE4900089DD81 /* AutoCare.entitlements */,
				A5E3338F2AEBE4900089DD81 /* Preview Content */,
			);
			path = AutoCare;
			sourceTree = "<group>";
		};
		A5E3338F2AEBE4900089DD81 /* Preview Content */ = {
			isa = PBXGroup;
			children = (
				A5E333902AEBE4900089DD81 /* Preview Assets.xcassets */,
			);
			path = "Preview Content";
			sourceTree = "<group>";
		};
		A5E3339C2AEBEA220089DD81 /* Config */ = {
			isa = PBXGroup;
			children = (
				A5E3339D2AEBEA300089DD81 /* Config.xcconfig */,
				A5E3339F2AEBEAA20089DD81 /* Config.swift */,
			);
			path = Config;
			sourceTree = "<group>";
		};
/* End PBXGroup section */

/* Begin PBXNativeTarget section */
		A5E333842AEBE48F0089DD81 /* AutoCare */ = {
			isa = PBXNativeTarget;
			buildConfigurationList = A5E333942AEBE4900089DD81 /* Build configuration list for PBXNativeTarget "AutoCare" */;
			buildPhases = (
				A5E333812AEBE48F0089DD81 /* Sources */,
				A5E333822AEBE48F0089DD81 /* Frameworks */,
				A5E333832AEBE48F0089DD81 /* Resources */,
			);
			buildRules = (
			);
			dependencies = (
			);
			name = AutoCare;
			packageProductDependencies = (
				A5E333982AEBE5040089DD81 /* Realm */,
				A5E3339A2AEBE5040089DD81 /* RealmSwift */,
			);
			productName = AutoCare;
			productReference = A5E333852AEBE48F0089DD81 /* AutoCare.app */;
			productType = "com.apple.product-type.application";
		};
/* End PBXNativeTarget section */

/* Begin PBXProject section */
		A5E3337D2AEBE48F0089DD81 /* Project object */ = {
			isa = PBXProject;
			attributes = {
				BuildIndependentTargetsInParallel = 1;
				LastSwiftUpdateCheck = 1500;
				LastUpgradeCheck = 1500;
				TargetAttributes = {
					A5E333842AEBE48F0089DD81 = {
						CreatedOnToolsVersion = 15.0;
					};
				};
			};
			buildConfigurationList = A5E333802AEBE48F0089DD81 /* Build configuration list for PBXProject "AutoCare" */;
			compatibilityVersion = "Xcode 14.0";
			developmentRegion = en;
			hasScannedForEncodings = 0;
			knownRegions = (
				en,
				Base,
			);
			mainGroup = A5E3337C2AEBE48F0089DD81;
			packageReferences = (
				A5E333972AEBE5040089DD81 /* XCRemoteSwiftPackageReference "realm-swift" */,
			);
			productRefGroup = A5E333862AEBE48F0089DD81 /* Products */;
			projectDirPath = "";
			projectRoot = "";
			targets = (
				A5E333842AEBE48F0089DD81 /* AutoCare */,
			);
		};
/* End PBXProject section */

/* Begin PBXResourcesBuildPhase section */
		A5E333832AEBE48F0089DD81 /* Resources */ = {
			isa = PBXResourcesBuildPhase;
			buildActionMask = 2147483647;
			files = (
				A5E333912AEBE4900089DD81 /* Preview Assets.xcassets in Resources */,
				A5E333A12AEBEB940089DD81 /* Config.xcconfig in Resources */,
				A5E3338D2AEBE4900089DD81 /* Assets.xcassets in Resources */,
			);
			runOnlyForDeploymentPostprocessing = 0;
		};
/* End PBXResourcesBuildPhase section */

/* Begin PBXSourcesBuildPhase section */
		A5E333812AEBE48F0089DD81 /* Sources */ = {
			isa = PBXSourcesBuildPhase;
			buildActionMask = 2147483647;
			files = (
				A5E3338B2AEBE48F0089DD81 /* ContentView.swift in Sources */,
				A5E333892AEBE48F0089DD81 /* AutoCareApp.swift in Sources */,
				A5E333A02AEBEAA20089DD81 /* Config.swift in Sources */,
			);
			runOnlyForDeploymentPostprocessing = 0;
		};
/* End PBXSourcesBuildPhase section */

/* Begin XCBuildConfiguration section */
		A5E333922AEBE4900089DD81 /* Debug */ = {
			isa = XCBuildConfiguration;
			baseConfigurationReference = A5E3339D2AEBEA300089DD81 /* Config.xcconfig */;
			buildSettings = {
				ALWAYS_SEARCH_USER_PATHS = NO;
				ASSETCATALOG_COMPILER_GENERATE_SWIFT_ASSET_SYMBOL_EXTENSIONS = YES;
				CLANG_ANALYZER_NONNULL = YES;
				CLANG_ANALYZER_NUMBER_OBJECT_CONVERSION = YES_AGGRESSIVE;
				CLANG_CXX_LANGUAGE_STANDARD = "gnu++20";
				CLANG_ENABLE_MODULES = YES;
				CLANG_ENABLE_OBJC_ARC = YES;
				CLANG_ENABLE_OBJC_WEAK = YES;
				CLANG_WARN_BLOCK_CAPTURE_AUTORELEASING = YES;
				CLANG_WARN_BOOL_CONVERSION = YES;
				CLANG_WARN_COMMA = YES;
				CLANG_WARN_CONSTANT_CONVERSION = YES;
				CLANG_WARN_DEPRECATED_OBJC_IMPLEMENTATIONS = YES;
				CLANG_WARN_DIRECT_OBJC_ISA_USAGE = YES_ERROR;
				CLANG_WARN_DOCUMENTATION_COMMENTS = YES;
				CLANG_WARN_EMPTY_BODY = YES;
				CLANG_WARN_ENUM_CONVERSION = YES;
				CLANG_WARN_INFINITE_RECURSION = YES;
				CLANG_WARN_INT_CONVERSION = YES;
				CLANG_WARN_NON_LITERAL_NULL_CONVERSION = YES;
				CLANG_WARN_OBJC_IMPLICIT_RETAIN_SELF = YES;
				CLANG_WARN_OBJC_LITERAL_CONVERSION = YES;
				CLANG_WARN_OBJC_ROOT_CLASS = YES_ERROR;
				CLANG_WARN_QUOTED_INCLUDE_IN_FRAMEWORK_HEADER = YES;
				CLANG_WARN_RANGE_LOOP_ANALYSIS = YES;
				CLANG_WARN_STRICT_PROTOTYPES = YES;
				CLANG_WARN_SUSPICIOUS_MOVE = YES;
				CLANG_WARN_UNGUARDED_AVAILABILITY = YES_AGGRESSIVE;
				CLANG_WARN_UNREACHABLE_CODE = YES;
				CLANG_WARN__DUPLICATE_METHOD_MATCH = YES;
				COPY_PHASE_STRIP = NO;
				DEBUG_INFORMATION_FORMAT = dwarf;
				ENABLE_STRICT_OBJC_MSGSEND = YES;
				ENABLE_TESTABILITY = YES;
				ENABLE_USER_SCRIPT_SANDBOXING = YES;
				GCC_C_LANGUAGE_STANDARD = gnu17;
				GCC_DYNAMIC_NO_PIC = NO;
				GCC_NO_COMMON_BLOCKS = YES;
				GCC_OPTIMIZATION_LEVEL = 0;
				GCC_PREPROCESSOR_DEFINITIONS = (
					"DEBUG=1",
					"$(inherited)",
				);
				GCC_WARN_64_TO_32_BIT_CONVERSION = YES;
				GCC_WARN_ABOUT_RETURN_TYPE = YES_ERROR;
				GCC_WARN_UNDECLARED_SELECTOR = YES;
				GCC_WARN_UNINITIALIZED_AUTOS = YES_AGGRESSIVE;
				GCC_WARN_UNUSED_FUNCTION = YES;
				GCC_WARN_UNUSED_VARIABLE = YES;
				LOCALIZATION_PREFERS_STRING_CATALOGS = YES;
				MTL_ENABLE_DEBUG_INFO = INCLUDE_SOURCE;
				MTL_FAST_MATH = YES;
				ONLY_ACTIVE_ARCH = YES;
				SWIFT_ACTIVE_COMPILATION_CONDITIONS = "DEBUG $(inherited)";
				SWIFT_OPTIMIZATION_LEVEL = "-Onone";
			};
			name = Debug;
		};
		A5E333932AEBE4900089DD81 /* Release */ = {
			isa = XCBuildConfiguration;
			baseConfigurationReference = A5E3339D2AEBEA300089DD81 /* Config.xcconfig */;
			buildSettings = {
				ALWAYS_SEARCH_USER_PATHS = NO;
				ASSETCATALOG_COMPILER_GENERATE_SWIFT_ASSET_SYMBOL_EXTENSIONS = YES;
				CLANG_ANALYZER_NONNULL = YES;
				CLANG_ANALYZER_NUMBER_OBJECT_CONVERSION = YES_AGGRESSIVE;
				CLANG_CXX_LANGUAGE_STANDARD = "gnu++20";
				CLANG_ENABLE_MODULES = YES;
				CLANG_ENABLE_OBJC_ARC = YES;
				CLANG_ENABLE_OBJC_WEAK = YES;
				CLANG_WARN_BLOCK_CAPTURE_AUTORELEASING = YES;
				CLANG_WARN_BOOL_CONVERSION = YES;
				CLANG_WARN_COMMA = YES;
				CLANG_WARN_CONSTANT_CONVERSION = YES;
				CLANG_WARN_DEPRECATED_OBJC_IMPLEMENTATIONS = YES;
				CLANG_WARN_DIRECT_OBJC_ISA_USAGE = YES_ERROR;
				CLANG_WARN_DOCUMENTATION_COMMENTS = YES;
				CLANG_WARN_EMPTY_BODY = YES;
				CLANG_WARN_ENUM_CONVERSION = YES;
				CLANG_WARN_INFINITE_RECURSION = YES;
				CLANG_WARN_INT_CONVERSION = YES;
				CLANG_WARN_NON_LITERAL_NULL_CONVERSION = YES;
				CLANG_WARN_OBJC_IMPLICIT_RETAIN_SELF = YES;
				CLANG_WARN_OBJC_LITERAL_CONVERSION = YES;
				CLANG_WARN_OBJC_ROOT_CLASS = YES_ERROR;
				CLANG_WARN_QUOTED_INCLUDE_IN_FRAMEWORK_HEADER = YES;
				CLANG_WARN_RANGE_LOOP_ANALYSIS = YES;
				CLANG_WARN_STRICT_PROTOTYPES = YES;
				CLANG_WARN_SUSPICIOUS_MOVE = YES;
				CLANG_WARN_UNGUARDED_AVAILABILITY = YES_AGGRESSIVE;
				CLANG_WARN_UNREACHABLE_CODE = YES;
				CLANG_WARN__DUPLICATE_METHOD_MATCH = YES;
				COPY_PHASE_STRIP = NO;
				DEBUG_INFORMATION_FORMAT = "dwarf-with-dsym";
				ENABLE_NS_ASSERTIONS = NO;
				ENABLE_STRICT_OBJC_MSGSEND = YES;
				ENABLE_USER_SCRIPT_SANDBOXING = YES;
				GCC_C_LANGUAGE_STANDARD = gnu17;
				GCC_NO_COMMON_BLOCKS = YES;
				GCC_WARN_64_TO_32_BIT_CONVERSION = YES;
				GCC_WARN_ABOUT_RETURN_TYPE = YES_ERROR;
				GCC_WARN_UNDECLARED_SELECTOR = YES;
				GCC_WARN_UNINITIALIZED_AUTOS = YES_AGGRESSIVE;
				GCC_WARN_UNUSED_FUNCTION = YES;
				GCC_WARN_UNUSED_VARIABLE = YES;
				LOCALIZATION_PREFERS_STRING_CATALOGS = YES;
				MTL_ENABLE_DEBUG_INFO = NO;
				MTL_FAST_MATH = YES;
				SWIFT_COMPILATION_MODE = wholemodule;
			};
			name = Release;
		};
		A5E333952AEBE4900089DD81 /* Debug */ = {
			isa = XCBuildConfiguration;
			baseConfigurationReference = A5E3339D2AEBEA300089DD81 /* Config.xcconfig */;
			buildSettings = {
				ASSETCATALOG_COMPILER_APPICON_NAME = AppIcon;
				ASSETCATALOG_COMPILER_GLOBAL_ACCENT_COLOR_NAME = AccentColor;
				CODE_SIGN_ENTITLEMENTS = AutoCare/AutoCare.entitlements;
				CODE_SIGN_STYLE = Automatic;
				CURRENT_PROJECT_VERSION = 1;
				DEVELOPMENT_ASSET_PATHS = "\"AutoCare/Preview Content\"";
				DEVELOPMENT_TEAM = KB2R5P3BHU;
				ENABLE_HARDENED_RUNTIME = YES;
				ENABLE_PREVIEWS = YES;
				GENERATE_INFOPLIST_FILE = YES;
				INFOPLIST_FILE = AutoCare/Info.plist;
				"INFOPLIST_KEY_UIApplicationSceneManifest_Generation[sdk=iphoneos*]" = YES;
				"INFOPLIST_KEY_UIApplicationSceneManifest_Generation[sdk=iphonesimulator*]" = YES;
				"INFOPLIST_KEY_UIApplicationSupportsIndirectInputEvents[sdk=iphoneos*]" = YES;
				"INFOPLIST_KEY_UIApplicationSupportsIndirectInputEvents[sdk=iphonesimulator*]" = YES;
				"INFOPLIST_KEY_UILaunchScreen_Generation[sdk=iphoneos*]" = YES;
				"INFOPLIST_KEY_UILaunchScreen_Generation[sdk=iphonesimulator*]" = YES;
				"INFOPLIST_KEY_UIStatusBarStyle[sdk=iphoneos*]" = UIStatusBarStyleDefault;
				"INFOPLIST_KEY_UIStatusBarStyle[sdk=iphonesimulator*]" = UIStatusBarStyleDefault;
				INFOPLIST_KEY_UISupportedInterfaceOrientations_iPad = "UIInterfaceOrientationPortrait UIInterfaceOrientationPortraitUpsideDown UIInterfaceOrientationLandscapeLeft UIInterfaceOrientationLandscapeRight";
				INFOPLIST_KEY_UISupportedInterfaceOrientations_iPhone = "UIInterfaceOrientationPortrait UIInterfaceOrientationLandscapeLeft UIInterfaceOrientationLandscapeRight";
				IPHONEOS_DEPLOYMENT_TARGET = 17.0;
				LD_RUNPATH_SEARCH_PATHS = "@executable_path/Frameworks";
				"LD_RUNPATH_SEARCH_PATHS[sdk=macosx*]" = "@executable_path/../Frameworks";
				MACOSX_DEPLOYMENT_TARGET = 14.0;
				MARKETING_VERSION = 1.0;
				PRODUCT_BUNDLE_IDENTIFIER = com.alliston.AutoCare;
				PRODUCT_NAME = "$(TARGET_NAME)";
				SDKROOT = auto;
				SUPPORTED_PLATFORMS = "iphoneos iphonesimulator macosx";
				SWIFT_EMIT_LOC_STRINGS = YES;
				SWIFT_VERSION = 5.0;
				TARGETED_DEVICE_FAMILY = "1,2";
			};
			name = Debug;
		};
		A5E333962AEBE4900089DD81 /* Release */ = {
			isa = XCBuildConfiguration;
			baseConfigurationReference = A5E3339D2AEBEA300089DD81 /* Config.xcconfig */;
			buildSettings = {
				ASSETCATALOG_COMPILER_APPICON_NAME = AppIcon;
				ASSETCATALOG_COMPILER_GLOBAL_ACCENT_COLOR_NAME = AccentColor;
				CODE_SIGN_ENTITLEMENTS = AutoCare/AutoCare.entitlements;
				CODE_SIGN_STYLE = Automatic;
				CURRENT_PROJECT_VERSION = 1;
				DEVELOPMENT_ASSET_PATHS = "\"AutoCare/Preview Content\"";
				DEVELOPMENT_TEAM = KB2R5P3BHU;
				ENABLE_HARDENED_RUNTIME = YES;
				ENABLE_PREVIEWS = YES;
				GENERATE_INFOPLIST_FILE = YES;
				INFOPLIST_FILE = AutoCare/Info.plist;
				"INFOPLIST_KEY_UIApplicationSceneManifest_Generation[sdk=iphoneos*]" = YES;
				"INFOPLIST_KEY_UIApplicationSceneManifest_Generation[sdk=iphonesimulator*]" = YES;
				"INFOPLIST_KEY_UIApplicationSupportsIndirectInputEvents[sdk=iphoneos*]" = YES;
				"INFOPLIST_KEY_UIApplicationSupportsIndirectInputEvents[sdk=iphonesimulator*]" = YES;
				"INFOPLIST_KEY_UILaunchScreen_Generation[sdk=iphoneos*]" = YES;
				"INFOPLIST_KEY_UILaunchScreen_Generation[sdk=iphonesimulator*]" = YES;
				"INFOPLIST_KEY_UIStatusBarStyle[sdk=iphoneos*]" = UIStatusBarStyleDefault;
				"INFOPLIST_KEY_UIStatusBarStyle[sdk=iphonesimulator*]" = UIStatusBarStyleDefault;
				INFOPLIST_KEY_UISupportedInterfaceOrientations_iPad = "UIInterfaceOrientationPortrait UIInterfaceOrientationPortraitUpsideDown UIInterfaceOrientationLandscapeLeft UIInterfaceOrientationLandscapeRight";
				INFOPLIST_KEY_UISupportedInterfaceOrientations_iPhone = "UIInterfaceOrientationPortrait UIInterfaceOrientationLandscapeLeft UIInterfaceOrientationLandscapeRight";
				IPHONEOS_DEPLOYMENT_TARGET = 17.0;
				LD_RUNPATH_SEARCH_PATHS = "@executable_path/Frameworks";
				"LD_RUNPATH_SEARCH_PATHS[sdk=macosx*]" = "@executable_path/../Frameworks";
				MACOSX_DEPLOYMENT_TARGET = 14.0;
				MARKETING_VERSION = 1.0;
				PRODUCT_BUNDLE_IDENTIFIER = com.alliston.AutoCare;
				PRODUCT_NAME = "$(TARGET_NAME)";
				SDKROOT = auto;
				SUPPORTED_PLATFORMS = "iphoneos iphonesimulator macosx";
				SWIFT_EMIT_LOC_STRINGS = YES;
				SWIFT_VERSION = 5.0;
				TARGETED_DEVICE_FAMILY = "1,2";
			};
			name = Release;
		};
/* End XCBuildConfiguration section */

/* Begin XCConfigurationList section */
		A5E333802AEBE48F0089DD81 /* Build configuration list for PBXProject "AutoCare" */ = {
			isa = XCConfigurationList;
			buildConfigurations = (
				A5E333922AEBE4900089DD81 /* Debug */,
				A5E333932AEBE4900089DD81 /* Release */,
			);
			defaultConfigurationIsVisible = 0;
			defaultConfigurationName = Release;
		};
		A5E333942AEBE4900089DD81 /* Build configuration list for PBXNativeTarget "AutoCare" */ = {
			isa = XCConfigurationList;
			buildConfigurations = (
				A5E333952AEBE4900089DD81 /* Debug */,
				A5E333962AEBE4900089DD81 /* Release */,
			);
			defaultConfigurationIsVisible = 0;
			defaultConfigurationName = Release;
		};
/* End XCConfigurationList section */

/* Begin XCRemoteSwiftPackageReference section */
		A5E333972AEBE5040089DD81 /* XCRemoteSwiftPackageReference "realm-swift" */ = {
			isa = XCRemoteSwiftPackageReference;
			repositoryURL = "https://github.com/realm/realm-swift.git";
			requirement = {
				branch = master;
				kind = branch;
			};
		};
/* End XCRemoteSwiftPackageReference section */

/* Begin XCSwiftPackageProductDependency section */
		A5E333982AEBE5040089DD81 /* Realm */ = {
			isa = XCSwiftPackageProductDependency;
			package = A5E333972AEBE5040089DD81 /* XCRemoteSwiftPackageReference "realm-swift" */;
			productName = Realm;
		};
		A5E3339A2AEBE5040089DD81 /* RealmSwift */ = {
			isa = XCSwiftPackageProductDependency;
			package = A5E333972AEBE5040089DD81 /* XCRemoteSwiftPackageReference "realm-swift" */;
			productName = RealmSwift;
		};
/* End XCSwiftPackageProductDependency section */
	};
	rootObject = A5E3337D2AEBE48F0089DD81 /* Project object */;
}
