// !$*UTF8*$!
{
	archiveVersion = 1;
	classes = {
	};
	objectVersion = 56;
	objects = {

/* Begin PBXBuildFile section */
		A50014B52B86626000040E3C /* MainButtonStyle.swift in Sources */ = {isa = PBXBuildFile; fileRef = A50014B42B86626000040E3C /* MainButtonStyle.swift */; };
		A50014BB2B86726A00040E3C /* TTProgressHUD in Frameworks */ = {isa = PBXBuildFile; productRef = A50014BA2B86726A00040E3C /* TTProgressHUD */; };
		A50FC8982BE6C12B0044E126 /* View+Extensions.swift in Sources */ = {isa = PBXBuildFile; fileRef = A50FC8972BE6C12B0044E126 /* View+Extensions.swift */; };
		A50FC89B2BE6C1550044E126 /* NavigationViewModifier.swift in Sources */ = {isa = PBXBuildFile; fileRef = A50FC89A2BE6C1550044E126 /* NavigationViewModifier.swift */; };
		A50FC89D2BE6C4270044E126 /* MileageEditState.swift in Sources */ = {isa = PBXBuildFile; fileRef = A50FC89C2BE6C4270044E126 /* MileageEditState.swift */; };
		A529BB942BC85596003DCCBC /* MileageEditView.swift in Sources */ = {isa = PBXBuildFile; fileRef = A529BB932BC85596003DCCBC /* MileageEditView.swift */; };
		A529BB962BC855A6003DCCBC /* MileageEditViewModel.swift in Sources */ = {isa = PBXBuildFile; fileRef = A529BB952BC855A6003DCCBC /* MileageEditViewModel.swift */; };
		A52C71E52B850CAA007BAFEE /* LoginViewModel.swift in Sources */ = {isa = PBXBuildFile; fileRef = A52C71E42B850CAA007BAFEE /* LoginViewModel.swift */; };
		A52C71E82B850CCD007BAFEE /* LoginState.swift in Sources */ = {isa = PBXBuildFile; fileRef = A52C71E72B850CCD007BAFEE /* LoginState.swift */; };
		A53B23E92B6443450025AFB1 /* FormValidator in Frameworks */ = {isa = PBXBuildFile; productRef = A53B23E82B6443450025AFB1 /* FormValidator */; };
		A53F41582D5E05FC00FE70B7 /* ServiceListView.swift in Sources */ = {isa = PBXBuildFile; fileRef = A53F41572D5E05FC00FE70B7 /* ServiceListView.swift */; };
		A53F415B2D5E065900FE70B7 /* ServiceListViewModel.swift in Sources */ = {isa = PBXBuildFile; fileRef = A53F415A2D5E065800FE70B7 /* ServiceListViewModel.swift */; };
		A53F415D2D5E084900FE70B7 /* VehicleService.swift in Sources */ = {isa = PBXBuildFile; fileRef = A53F415C2D5E084900FE70B7 /* VehicleService.swift */; };
		A53F41632D5E104100FE70B7 /* HomeViewModel.swift in Sources */ = {isa = PBXBuildFile; fileRef = A53F41622D5E104100FE70B7 /* HomeViewModel.swift */; };
		A53F41662D5E107A00FE70B7 /* HomeState.swift in Sources */ = {isa = PBXBuildFile; fileRef = A53F41652D5E107A00FE70B7 /* HomeState.swift */; };
		A53F41692D5E63CF00FE70B7 /* ServiceListState.swift in Sources */ = {isa = PBXBuildFile; fileRef = A53F41682D5E63CF00FE70B7 /* ServiceListState.swift */; };
		A53F416B2D5E651C00FE70B7 /* ServiceListItem.swift in Sources */ = {isa = PBXBuildFile; fileRef = A53F416A2D5E651C00FE70B7 /* ServiceListItem.swift */; };
		A546DBE52D50E84700B220A4 /* RealmSwift in Frameworks */ = {isa = PBXBuildFile; productRef = A546DBE42D50E84700B220A4 /* RealmSwift */; };
		A54F9BEC2B8CC8EB00B002A5 /* LoginRouter.swift in Sources */ = {isa = PBXBuildFile; fileRef = A54F9BEB2B8CC8EB00B002A5 /* LoginRouter.swift */; };
		A55918DE2BA9BE8300EB3ED3 /* MileageListItem.swift in Sources */ = {isa = PBXBuildFile; fileRef = A55918DD2BA9BE8300EB3ED3 /* MileageListItem.swift */; };
		A55918E12BA9C53D00EB3ED3 /* Date+Extensions.swift in Sources */ = {isa = PBXBuildFile; fileRef = A55918E02BA9C53D00EB3ED3 /* Date+Extensions.swift */; };
		A5804B302BEBB6D600BE9602 /* CurrencyTextField.swift in Sources */ = {isa = PBXBuildFile; fileRef = A5804B2F2BEBB6D600BE9602 /* CurrencyTextField.swift */; };
		A5804B322BEBB6EC00BE9602 /* CurrencyUITextField.swift in Sources */ = {isa = PBXBuildFile; fileRef = A5804B312BEBB6EC00BE9602 /* CurrencyUITextField.swift */; };
		A5804B352BEBB70A00BE9602 /* PreviewNumberFormatter.swift in Sources */ = {isa = PBXBuildFile; fileRef = A5804B342BEBB70A00BE9602 /* PreviewNumberFormatter.swift */; };
		A581939C2BC4296200887056 /* Number+Extensions.swift in Sources */ = {isa = PBXBuildFile; fileRef = A581939B2BC4296200887056 /* Number+Extensions.swift */; };
		A58ED06E2B83FBBA0023295E /* LoginView.swift in Sources */ = {isa = PBXBuildFile; fileRef = A58ED06D2B83FBBA0023295E /* LoginView.swift */; };
		A5B470E82CDFF60300ECE77E /* HomeView.swift in Sources */ = {isa = PBXBuildFile; fileRef = A5B470E62CDFF60000ECE77E /* HomeView.swift */; };
		A5B470ED2CDFF7B200ECE77E /* HomeRouter.swift in Sources */ = {isa = PBXBuildFile; fileRef = A5B470EC2CDFF7B000ECE77E /* HomeRouter.swift */; };
		A5B8898C2BA77488007CB002 /* VehicleMileage.swift in Sources */ = {isa = PBXBuildFile; fileRef = A5B8898B2BA77488007CB002 /* VehicleMileage.swift */; };
		A5C3A94B2BA716D800A0CC21 /* MileagesRouter.swift in Sources */ = {isa = PBXBuildFile; fileRef = A5C3A94A2BA716D800A0CC21 /* MileagesRouter.swift */; };
		A5C3A94D2BA71D7500A0CC21 /* VehicleListViewModel.swift in Sources */ = {isa = PBXBuildFile; fileRef = A5C3A94C2BA71D7500A0CC21 /* VehicleListViewModel.swift */; };
		A5C3A94F2BA71D9400A0CC21 /* VehicleListState.swift in Sources */ = {isa = PBXBuildFile; fileRef = A5C3A94E2BA71D9400A0CC21 /* VehicleListState.swift */; };
		A5DD63E62AF032B9009254C2 /* VehicleEditViewModel.swift in Sources */ = {isa = PBXBuildFile; fileRef = A5DD63E52AF032B9009254C2 /* VehicleEditViewModel.swift */; };
		A5DD63E82AF035BB009254C2 /* VehicleEditState.swift in Sources */ = {isa = PBXBuildFile; fileRef = A5DD63E72AF035BB009254C2 /* VehicleEditState.swift */; };
		A5DF4BDC2AEEE5DB007D41B2 /* MileageListState.swift in Sources */ = {isa = PBXBuildFile; fileRef = A5DF4BDB2AEEE5DB007D41B2 /* MileageListState.swift */; };
		A5E333892AEBE48F0089DD81 /* AutoCareApp.swift in Sources */ = {isa = PBXBuildFile; fileRef = A5E333882AEBE48F0089DD81 /* AutoCareApp.swift */; };
		A5E3338D2AEBE4900089DD81 /* Assets.xcassets in Resources */ = {isa = PBXBuildFile; fileRef = A5E3338C2AEBE4900089DD81 /* Assets.xcassets */; };
		A5E333912AEBE4900089DD81 /* Preview Assets.xcassets in Resources */ = {isa = PBXBuildFile; fileRef = A5E333902AEBE4900089DD81 /* Preview Assets.xcassets */; };
		A5E333A02AEBEAA20089DD81 /* Config.swift in Sources */ = {isa = PBXBuildFile; fileRef = A5E3339F2AEBEAA20089DD81 /* Config.swift */; };
		A5E333A52AEBEE2F0089DD81 /* VehicleType.swift in Sources */ = {isa = PBXBuildFile; fileRef = A5E333A42AEBEE2F0089DD81 /* VehicleType.swift */; };
		A5FCB77C2AED43620038A546 /* VehicleListView.swift in Sources */ = {isa = PBXBuildFile; fileRef = A5FCB77B2AED43620038A546 /* VehicleListView.swift */; };
		A5FCB77E2AED436C0038A546 /* VehicleEditView.swift in Sources */ = {isa = PBXBuildFile; fileRef = A5FCB77D2AED436C0038A546 /* VehicleEditView.swift */; };
		A5FCB7852AED43A10038A546 /* MileageListView.swift in Sources */ = {isa = PBXBuildFile; fileRef = A5FCB7842AED43A10038A546 /* MileageListView.swift */; };
		A5FCB7872AED45AE0038A546 /* Vehicle.swift in Sources */ = {isa = PBXBuildFile; fileRef = A5FCB7862AED45AE0038A546 /* Vehicle.swift */; };
		A5FCB78D2AED49380038A546 /* MileageListViewModel.swift in Sources */ = {isa = PBXBuildFile; fileRef = A5FCB78C2AED49380038A546 /* MileageListViewModel.swift */; };
/* End PBXBuildFile section */

/* Begin PBXFileReference section */
		A50014B42B86626000040E3C /* MainButtonStyle.swift */ = {isa = PBXFileReference; lastKnownFileType = sourcecode.swift; path = MainButtonStyle.swift; sourceTree = "<group>"; };
		A50FC8972BE6C12B0044E126 /* View+Extensions.swift */ = {isa = PBXFileReference; lastKnownFileType = sourcecode.swift; path = "View+Extensions.swift"; sourceTree = "<group>"; };
		A50FC89A2BE6C1550044E126 /* NavigationViewModifier.swift */ = {isa = PBXFileReference; lastKnownFileType = sourcecode.swift; path = NavigationViewModifier.swift; sourceTree = "<group>"; };
		A50FC89C2BE6C4270044E126 /* MileageEditState.swift */ = {isa = PBXFileReference; lastKnownFileType = sourcecode.swift; path = MileageEditState.swift; sourceTree = "<group>"; };
		A529BB932BC85596003DCCBC /* MileageEditView.swift */ = {isa = PBXFileReference; lastKnownFileType = sourcecode.swift; path = MileageEditView.swift; sourceTree = "<group>"; };
		A529BB952BC855A6003DCCBC /* MileageEditViewModel.swift */ = {isa = PBXFileReference; lastKnownFileType = sourcecode.swift; path = MileageEditViewModel.swift; sourceTree = "<group>"; };
		A52C71E42B850CAA007BAFEE /* LoginViewModel.swift */ = {isa = PBXFileReference; lastKnownFileType = sourcecode.swift; path = LoginViewModel.swift; sourceTree = "<group>"; };
		A52C71E72B850CCD007BAFEE /* LoginState.swift */ = {isa = PBXFileReference; lastKnownFileType = sourcecode.swift; path = LoginState.swift; sourceTree = "<group>"; };
		A53F41572D5E05FC00FE70B7 /* ServiceListView.swift */ = {isa = PBXFileReference; lastKnownFileType = sourcecode.swift; path = ServiceListView.swift; sourceTree = "<group>"; };
		A53F415A2D5E065800FE70B7 /* ServiceListViewModel.swift */ = {isa = PBXFileReference; lastKnownFileType = sourcecode.swift; path = ServiceListViewModel.swift; sourceTree = "<group>"; };
		A53F415C2D5E084900FE70B7 /* VehicleService.swift */ = {isa = PBXFileReference; lastKnownFileType = sourcecode.swift; path = VehicleService.swift; sourceTree = "<group>"; };
		A53F41622D5E104100FE70B7 /* HomeViewModel.swift */ = {isa = PBXFileReference; lastKnownFileType = sourcecode.swift; path = HomeViewModel.swift; sourceTree = "<group>"; };
		A53F41652D5E107A00FE70B7 /* HomeState.swift */ = {isa = PBXFileReference; lastKnownFileType = sourcecode.swift; path = HomeState.swift; sourceTree = "<group>"; };
		A53F41682D5E63CF00FE70B7 /* ServiceListState.swift */ = {isa = PBXFileReference; lastKnownFileType = sourcecode.swift; path = ServiceListState.swift; sourceTree = "<group>"; };
		A53F416A2D5E651C00FE70B7 /* ServiceListItem.swift */ = {isa = PBXFileReference; lastKnownFileType = sourcecode.swift; path = ServiceListItem.swift; sourceTree = "<group>"; };
		A54F9BEB2B8CC8EB00B002A5 /* LoginRouter.swift */ = {isa = PBXFileReference; lastKnownFileType = sourcecode.swift; path = LoginRouter.swift; sourceTree = "<group>"; };
		A55918DD2BA9BE8300EB3ED3 /* MileageListItem.swift */ = {isa = PBXFileReference; lastKnownFileType = sourcecode.swift; path = MileageListItem.swift; sourceTree = "<group>"; };
		A55918E02BA9C53D00EB3ED3 /* Date+Extensions.swift */ = {isa = PBXFileReference; lastKnownFileType = sourcecode.swift; path = "Date+Extensions.swift"; sourceTree = "<group>"; };
		A5804B2F2BEBB6D600BE9602 /* CurrencyTextField.swift */ = {isa = PBXFileReference; lastKnownFileType = sourcecode.swift; path = CurrencyTextField.swift; sourceTree = "<group>"; };
		A5804B312BEBB6EC00BE9602 /* CurrencyUITextField.swift */ = {isa = PBXFileReference; lastKnownFileType = sourcecode.swift; path = CurrencyUITextField.swift; sourceTree = "<group>"; };
		A5804B342BEBB70A00BE9602 /* PreviewNumberFormatter.swift */ = {isa = PBXFileReference; lastKnownFileType = sourcecode.swift; path = PreviewNumberFormatter.swift; sourceTree = "<group>"; };
		A581939B2BC4296200887056 /* Number+Extensions.swift */ = {isa = PBXFileReference; lastKnownFileType = sourcecode.swift; path = "Number+Extensions.swift"; sourceTree = "<group>"; };
		A58ED06D2B83FBBA0023295E /* LoginView.swift */ = {isa = PBXFileReference; lastKnownFileType = sourcecode.swift; path = LoginView.swift; sourceTree = "<group>"; };
		A5B470E62CDFF60000ECE77E /* HomeView.swift */ = {isa = PBXFileReference; lastKnownFileType = sourcecode.swift; path = HomeView.swift; sourceTree = "<group>"; };
		A5B470EC2CDFF7B000ECE77E /* HomeRouter.swift */ = {isa = PBXFileReference; lastKnownFileType = sourcecode.swift; path = HomeRouter.swift; sourceTree = "<group>"; };
		A5B8898B2BA77488007CB002 /* VehicleMileage.swift */ = {isa = PBXFileReference; lastKnownFileType = sourcecode.swift; path = VehicleMileage.swift; sourceTree = "<group>"; };
		A5C3A94A2BA716D800A0CC21 /* MileagesRouter.swift */ = {isa = PBXFileReference; lastKnownFileType = sourcecode.swift; path = MileagesRouter.swift; sourceTree = "<group>"; };
		A5C3A94C2BA71D7500A0CC21 /* VehicleListViewModel.swift */ = {isa = PBXFileReference; lastKnownFileType = sourcecode.swift; path = VehicleListViewModel.swift; sourceTree = "<group>"; };
		A5C3A94E2BA71D9400A0CC21 /* VehicleListState.swift */ = {isa = PBXFileReference; lastKnownFileType = sourcecode.swift; path = VehicleListState.swift; sourceTree = "<group>"; };
		A5DD63E52AF032B9009254C2 /* VehicleEditViewModel.swift */ = {isa = PBXFileReference; lastKnownFileType = sourcecode.swift; path = VehicleEditViewModel.swift; sourceTree = "<group>"; };
		A5DD63E72AF035BB009254C2 /* VehicleEditState.swift */ = {isa = PBXFileReference; lastKnownFileType = sourcecode.swift; path = VehicleEditState.swift; sourceTree = "<group>"; };
		A5DF4BDB2AEEE5DB007D41B2 /* MileageListState.swift */ = {isa = PBXFileReference; lastKnownFileType = sourcecode.swift; path = MileageListState.swift; sourceTree = "<group>"; };
		A5E333852AEBE48F0089DD81 /* AutoCare.app */ = {isa = PBXFileReference; explicitFileType = wrapper.application; includeInIndex = 0; path = AutoCare.app; sourceTree = BUILT_PRODUCTS_DIR; };
		A5E333882AEBE48F0089DD81 /* AutoCareApp.swift */ = {isa = PBXFileReference; lastKnownFileType = sourcecode.swift; path = AutoCareApp.swift; sourceTree = "<group>"; };
		A5E3338C2AEBE4900089DD81 /* Assets.xcassets */ = {isa = PBXFileReference; lastKnownFileType = folder.assetcatalog; path = Assets.xcassets; sourceTree = "<group>"; };
		A5E3338E2AEBE4900089DD81 /* AutoCare.entitlements */ = {isa = PBXFileReference; lastKnownFileType = text.plist.entitlements; path = AutoCare.entitlements; sourceTree = "<group>"; };
		A5E333902AEBE4900089DD81 /* Preview Assets.xcassets */ = {isa = PBXFileReference; lastKnownFileType = folder.assetcatalog; path = "Preview Assets.xcassets"; sourceTree = "<group>"; };
		A5E3339D2AEBEA300089DD81 /* Config.xcconfig */ = {isa = PBXFileReference; lastKnownFileType = text.xcconfig; path = Config.xcconfig; sourceTree = "<group>"; };
		A5E3339E2AEBEA5F0089DD81 /* Info.plist */ = {isa = PBXFileReference; lastKnownFileType = text.plist; path = Info.plist; sourceTree = "<group>"; };
		A5E3339F2AEBEAA20089DD81 /* Config.swift */ = {isa = PBXFileReference; lastKnownFileType = sourcecode.swift; path = Config.swift; sourceTree = "<group>"; };
		A5E333A42AEBEE2F0089DD81 /* VehicleType.swift */ = {isa = PBXFileReference; lastKnownFileType = sourcecode.swift; path = VehicleType.swift; sourceTree = "<group>"; };
		A5FCB77B2AED43620038A546 /* VehicleListView.swift */ = {isa = PBXFileReference; lastKnownFileType = sourcecode.swift; path = VehicleListView.swift; sourceTree = "<group>"; };
		A5FCB77D2AED436C0038A546 /* VehicleEditView.swift */ = {isa = PBXFileReference; lastKnownFileType = sourcecode.swift; path = VehicleEditView.swift; sourceTree = "<group>"; };
		A5FCB7842AED43A10038A546 /* MileageListView.swift */ = {isa = PBXFileReference; lastKnownFileType = sourcecode.swift; path = MileageListView.swift; sourceTree = "<group>"; };
		A5FCB7862AED45AE0038A546 /* Vehicle.swift */ = {isa = PBXFileReference; lastKnownFileType = sourcecode.swift; path = Vehicle.swift; sourceTree = "<group>"; };
		A5FCB78C2AED49380038A546 /* MileageListViewModel.swift */ = {isa = PBXFileReference; lastKnownFileType = sourcecode.swift; path = MileageListViewModel.swift; sourceTree = "<group>"; };
/* End PBXFileReference section */

/* Begin PBXFrameworksBuildPhase section */
		A5E333822AEBE48F0089DD81 /* Frameworks */ = {
			isa = PBXFrameworksBuildPhase;
			buildActionMask = 2147483647;
			files = (
				A546DBE52D50E84700B220A4 /* RealmSwift in Frameworks */,
				A53B23E92B6443450025AFB1 /* FormValidator in Frameworks */,
				A50014BB2B86726A00040E3C /* TTProgressHUD in Frameworks */,
			);
			runOnlyForDeploymentPostprocessing = 0;
		};
/* End PBXFrameworksBuildPhase section */

/* Begin PBXGroup section */
		A50014B22B86625100040E3C /* Styles */ = {
			isa = PBXGroup;
			children = (
				A50014B32B86625700040E3C /* Button */,
			);
			path = Styles;
			sourceTree = "<group>";
		};
		A50014B32B86625700040E3C /* Button */ = {
			isa = PBXGroup;
			children = (
				A50014B42B86626000040E3C /* MainButtonStyle.swift */,
			);
			path = Button;
			sourceTree = "<group>";
		};
		A50FC8992BE6C1440044E126 /* Modifiers */ = {
			isa = PBXGroup;
			children = (
				A50FC89A2BE6C1550044E126 /* NavigationViewModifier.swift */,
			);
			path = Modifiers;
			sourceTree = "<group>";
		};
		A52C71E62B850CC5007BAFEE /* Model */ = {
			isa = PBXGroup;
			children = (
				A52C71E72B850CCD007BAFEE /* LoginState.swift */,
			);
			path = Model;
			sourceTree = "<group>";
		};
		A53F41552D5E05D600FE70B7 /* Services */ = {
			isa = PBXGroup;
			children = (
				A53F41562D5E05E400FE70B7 /* View */,
				A53F41592D5E064000FE70B7 /* ViewModel */,
				A53F41672D5E63C000FE70B7 /* Model */,
			);
			path = Services;
			sourceTree = "<group>";
		};
		A53F41562D5E05E400FE70B7 /* View */ = {
			isa = PBXGroup;
			children = (
				A53F41572D5E05FC00FE70B7 /* ServiceListView.swift */,
				A53F416A2D5E651C00FE70B7 /* ServiceListItem.swift */,
			);
			path = View;
			sourceTree = "<group>";
		};
		A53F41592D5E064000FE70B7 /* ViewModel */ = {
			isa = PBXGroup;
			children = (
				A53F415A2D5E065800FE70B7 /* ServiceListViewModel.swift */,
			);
			path = ViewModel;
			sourceTree = "<group>";
		};
		A53F41612D5E103200FE70B7 /* ViewModel */ = {
			isa = PBXGroup;
			children = (
				A53F41622D5E104100FE70B7 /* HomeViewModel.swift */,
			);
			path = ViewModel;
			sourceTree = "<group>";
		};
		A53F41642D5E106300FE70B7 /* Model */ = {
			isa = PBXGroup;
			children = (
				A53F41652D5E107A00FE70B7 /* HomeState.swift */,
			);
			path = Model;
			sourceTree = "<group>";
		};
		A53F41672D5E63C000FE70B7 /* Model */ = {
			isa = PBXGroup;
			children = (
				A53F41682D5E63CF00FE70B7 /* ServiceListState.swift */,
			);
			path = Model;
			sourceTree = "<group>";
		};
		A54F9BEA2B8CC8DC00B002A5 /* Router */ = {
			isa = PBXGroup;
			children = (
				A54F9BEB2B8CC8EB00B002A5 /* LoginRouter.swift */,
			);
			path = Router;
			sourceTree = "<group>";
		};
		A55918DF2BA9C52D00EB3ED3 /* Extensions */ = {
			isa = PBXGroup;
			children = (
				A50FC8992BE6C1440044E126 /* Modifiers */,
				A55918E02BA9C53D00EB3ED3 /* Date+Extensions.swift */,
				A581939B2BC4296200887056 /* Number+Extensions.swift */,
				A50FC8972BE6C12B0044E126 /* View+Extensions.swift */,
			);
			path = Extensions;
			sourceTree = "<group>";
		};
		A5804B2E2BEBB6C600BE9602 /* Components */ = {
			isa = PBXGroup;
			children = (
				A5804B2F2BEBB6D600BE9602 /* CurrencyTextField.swift */,
				A5804B312BEBB6EC00BE9602 /* CurrencyUITextField.swift */,
				A5804B342BEBB70A00BE9602 /* PreviewNumberFormatter.swift */,
			);
			path = Components;
			sourceTree = "<group>";
		};
		A58ED06A2B83FB9B0023295E /* Login */ = {
			isa = PBXGroup;
			children = (
				A58ED06B2B83FBA00023295E /* View */,
				A58ED06C2B83FBA70023295E /* ViewModel */,
				A52C71E62B850CC5007BAFEE /* Model */,
				A54F9BEA2B8CC8DC00B002A5 /* Router */,
			);
			path = Login;
			sourceTree = "<group>";
		};
		A58ED06B2B83FBA00023295E /* View */ = {
			isa = PBXGroup;
			children = (
				A58ED06D2B83FBBA0023295E /* LoginView.swift */,
			);
			path = View;
			sourceTree = "<group>";
		};
		A58ED06C2B83FBA70023295E /* ViewModel */ = {
			isa = PBXGroup;
			children = (
				A52C71E42B850CAA007BAFEE /* LoginViewModel.swift */,
			);
			path = ViewModel;
			sourceTree = "<group>";
		};
		A5B470E92CDFF79300ECE77E /* Home */ = {
			isa = PBXGroup;
			children = (
				A5B470EA2CDFF7A100ECE77E /* View */,
				A53F41612D5E103200FE70B7 /* ViewModel */,
				A53F41642D5E106300FE70B7 /* Model */,
				A5B470EB2CDFF7A700ECE77E /* Router */,
			);
			path = Home;
			sourceTree = "<group>";
		};
		A5B470EA2CDFF7A100ECE77E /* View */ = {
			isa = PBXGroup;
			children = (
				A5B470E62CDFF60000ECE77E /* HomeView.swift */,
			);
			path = View;
			sourceTree = "<group>";
		};
		A5B470EB2CDFF7A700ECE77E /* Router */ = {
			isa = PBXGroup;
			children = (
				A5B470EC2CDFF7B000ECE77E /* HomeRouter.swift */,
			);
			path = Router;
			sourceTree = "<group>";
		};
		A5C3A9492BA716BC00A0CC21 /* Router */ = {
			isa = PBXGroup;
			children = (
				A5C3A94A2BA716D800A0CC21 /* MileagesRouter.swift */,
			);
			path = Router;
			sourceTree = "<group>";
		};
		A5E3337C2AEBE48F0089DD81 = {
			isa = PBXGroup;
			children = (
				A5E333872AEBE48F0089DD81 /* AutoCare */,
				A5E333862AEBE48F0089DD81 /* Products */,
			);
			sourceTree = "<group>";
		};
		A5E333862AEBE48F0089DD81 /* Products */ = {
			isa = PBXGroup;
			children = (
				A5E333852AEBE48F0089DD81 /* AutoCare.app */,
			);
			name = Products;
			sourceTree = "<group>";
		};
		A5E333872AEBE48F0089DD81 /* AutoCare */ = {
			isa = PBXGroup;
			children = (
				A5FCB7752AED431C0038A546 /* Presentation */,
				A5E333A22AEBEE180089DD81 /* Domain */,
				A5E3339E2AEBEA5F0089DD81 /* Info.plist */,
				A5E3339C2AEBEA220089DD81 /* Config */,
				A5E333882AEBE48F0089DD81 /* AutoCareApp.swift */,
				A5E3338C2AEBE4900089DD81 /* Assets.xcassets */,
				A5E3338E2AEBE4900089DD81 /* AutoCare.entitlements */,
				A5E3338F2AEBE4900089DD81 /* Preview Content */,
			);
			path = AutoCare;
			sourceTree = "<group>";
		};
		A5E3338F2AEBE4900089DD81 /* Preview Content */ = {
			isa = PBXGroup;
			children = (
				A5E333902AEBE4900089DD81 /* Preview Assets.xcassets */,
			);
			path = "Preview Content";
			sourceTree = "<group>";
		};
		A5E3339C2AEBEA220089DD81 /* Config */ = {
			isa = PBXGroup;
			children = (
				A5E3339D2AEBEA300089DD81 /* Config.xcconfig */,
				A5E3339F2AEBEAA20089DD81 /* Config.swift */,
			);
			path = Config;
			sourceTree = "<group>";
		};
		A5E333A22AEBEE180089DD81 /* Domain */ = {
			isa = PBXGroup;
			children = (
				A5E333A32AEBEE1E0089DD81 /* Entities */,
			);
			path = Domain;
			sourceTree = "<group>";
		};
		A5E333A32AEBEE1E0089DD81 /* Entities */ = {
			isa = PBXGroup;
			children = (
				A5FCB7862AED45AE0038A546 /* Vehicle.swift */,
				A5E333A42AEBEE2F0089DD81 /* VehicleType.swift */,
				A5B8898B2BA77488007CB002 /* VehicleMileage.swift */,
				A53F415C2D5E084900FE70B7 /* VehicleService.swift */,
			);
			path = Entities;
			sourceTree = "<group>";
		};
		A5FCB7752AED431C0038A546 /* Presentation */ = {
			isa = PBXGroup;
			children = (
				A5804B2E2BEBB6C600BE9602 /* Components */,
				A5FCB7762AED43200038A546 /* Features */,
				A50014B22B86625100040E3C /* Styles */,
				A55918DF2BA9C52D00EB3ED3 /* Extensions */,
			);
			path = Presentation;
			sourceTree = "<group>";
		};
		A5FCB7762AED43200038A546 /* Features */ = {
			isa = PBXGroup;
			children = (
				A5B470E92CDFF79300ECE77E /* Home */,
				A58ED06A2B83FB9B0023295E /* Login */,
				A5FCB7772AED43250038A546 /* Vehicles */,
				A5FCB77F2AED43780038A546 /* Mileages */,
				A53F41552D5E05D600FE70B7 /* Services */,
			);
			path = Features;
			sourceTree = "<group>";
		};
		A5FCB7772AED43250038A546 /* Vehicles */ = {
			isa = PBXGroup;
			children = (
				A5FCB77A2AED43460038A546 /* View */,
				A5FCB7792AED43420038A546 /* ViewModel */,
				A5FCB7782AED433D0038A546 /* Model */,
			);
			path = Vehicles;
			sourceTree = "<group>";
		};
		A5FCB7782AED433D0038A546 /* Model */ = {
			isa = PBXGroup;
			children = (
				A5DD63E72AF035BB009254C2 /* VehicleEditState.swift */,
				A5C3A94E2BA71D9400A0CC21 /* VehicleListState.swift */,
			);
			path = Model;
			sourceTree = "<group>";
		};
		A5FCB7792AED43420038A546 /* ViewModel */ = {
			isa = PBXGroup;
			children = (
				A5DD63E52AF032B9009254C2 /* VehicleEditViewModel.swift */,
				A5C3A94C2BA71D7500A0CC21 /* VehicleListViewModel.swift */,
			);
			path = ViewModel;
			sourceTree = "<group>";
		};
		A5FCB77A2AED43460038A546 /* View */ = {
			isa = PBXGroup;
			children = (
				A5FCB77B2AED43620038A546 /* VehicleListView.swift */,
				A5FCB77D2AED436C0038A546 /* VehicleEditView.swift */,
			);
			path = View;
			sourceTree = "<group>";
		};
		A5FCB77F2AED43780038A546 /* Mileages */ = {
			isa = PBXGroup;
			children = (
				A5FCB7822AED438A0038A546 /* View */,
				A5FCB7812AED43840038A546 /* ViewModel */,
				A5FCB7802AED43810038A546 /* Model */,
				A5C3A9492BA716BC00A0CC21 /* Router */,
			);
			path = Mileages;
			sourceTree = "<group>";
		};
		A5FCB7802AED43810038A546 /* Model */ = {
			isa = PBXGroup;
			children = (
				A5DF4BDB2AEEE5DB007D41B2 /* MileageListState.swift */,
				A50FC89C2BE6C4270044E126 /* MileageEditState.swift */,
			);
			path = Model;
			sourceTree = "<group>";
		};
		A5FCB7812AED43840038A546 /* ViewModel */ = {
			isa = PBXGroup;
			children = (
				A5FCB78C2AED49380038A546 /* MileageListViewModel.swift */,
				A529BB952BC855A6003DCCBC /* MileageEditViewModel.swift */,
			);
			path = ViewModel;
			sourceTree = "<group>";
		};
		A5FCB7822AED438A0038A546 /* View */ = {
			isa = PBXGroup;
			children = (
				A5FCB7842AED43A10038A546 /* MileageListView.swift */,
				A55918DD2BA9BE8300EB3ED3 /* MileageListItem.swift */,
				A529BB932BC85596003DCCBC /* MileageEditView.swift */,
			);
			path = View;
			sourceTree = "<group>";
		};
/* End PBXGroup section */

/* Begin PBXNativeTarget section */
		A5E333842AEBE48F0089DD81 /* AutoCare */ = {
			isa = PBXNativeTarget;
			buildConfigurationList = A5E333942AEBE4900089DD81 /* Build configuration list for PBXNativeTarget "AutoCare" */;
			buildPhases = (
				A5E333812AEBE48F0089DD81 /* Sources */,
				A5E333822AEBE48F0089DD81 /* Frameworks */,
				A5E333832AEBE48F0089DD81 /* Resources */,
			);
			buildRules = (
			);
			dependencies = (
			);
			name = AutoCare;
			packageProductDependencies = (
				A53B23E82B6443450025AFB1 /* FormValidator */,
				A50014BA2B86726A00040E3C /* TTProgressHUD */,
				A546DBE42D50E84700B220A4 /* RealmSwift */,
			);
			productName = AutoCare;
			productReference = A5E333852AEBE48F0089DD81 /* AutoCare.app */;
			productType = "com.apple.product-type.application";
		};
/* End PBXNativeTarget section */

/* Begin PBXProject section */
		A5E3337D2AEBE48F0089DD81 /* Project object */ = {
			isa = PBXProject;
			attributes = {
				BuildIndependentTargetsInParallel = 1;
				LastSwiftUpdateCheck = 1500;
				LastUpgradeCheck = 1600;
				TargetAttributes = {
					A5E333842AEBE48F0089DD81 = {
						CreatedOnToolsVersion = 15.0;
					};
				};
			};
			buildConfigurationList = A5E333802AEBE48F0089DD81 /* Build configuration list for PBXProject "AutoCare" */;
			compatibilityVersion = "Xcode 14.0";
			developmentRegion = en;
			hasScannedForEncodings = 0;
			knownRegions = (
				en,
				Base,
			);
			mainGroup = A5E3337C2AEBE48F0089DD81;
			packageReferences = (
				A53B23E72B6443450025AFB1 /* XCRemoteSwiftPackageReference "SwiftUIFormValidator" */,
				A50014B92B86726A00040E3C /* XCRemoteSwiftPackageReference "TTProgressHUD" */,
				A546DBE32D50E84700B220A4 /* XCRemoteSwiftPackageReference "realm-swift" */,
			);
			productRefGroup = A5E333862AEBE48F0089DD81 /* Products */;
			projectDirPath = "";
			projectRoot = "";
			targets = (
				A5E333842AEBE48F0089DD81 /* AutoCare */,
			);
		};
/* End PBXProject section */

/* Begin PBXResourcesBuildPhase section */
		A5E333832AEBE48F0089DD81 /* Resources */ = {
			isa = PBXResourcesBuildPhase;
			buildActionMask = 2147483647;
			files = (
				A5E333912AEBE4900089DD81 /* Preview Assets.xcassets in Resources */,
				A5E3338D2AEBE4900089DD81 /* Assets.xcassets in Resources */,
			);
			runOnlyForDeploymentPostprocessing = 0;
		};
/* End PBXResourcesBuildPhase section */

/* Begin PBXSourcesBuildPhase section */
		A5E333812AEBE48F0089DD81 /* Sources */ = {
			isa = PBXSourcesBuildPhase;
			buildActionMask = 2147483647;
			files = (
				A5FCB7872AED45AE0038A546 /* Vehicle.swift in Sources */,
				A55918E12BA9C53D00EB3ED3 /* Date+Extensions.swift in Sources */,
				A5804B322BEBB6EC00BE9602 /* CurrencyUITextField.swift in Sources */,
				A5FCB77C2AED43620038A546 /* VehicleListView.swift in Sources */,
				A5C3A94F2BA71D9400A0CC21 /* VehicleListState.swift in Sources */,
				A50014B52B86626000040E3C /* MainButtonStyle.swift in Sources */,
				A529BB962BC855A6003DCCBC /* MileageEditViewModel.swift in Sources */,
				A5804B352BEBB70A00BE9602 /* PreviewNumberFormatter.swift in Sources */,
				A5DD63E62AF032B9009254C2 /* VehicleEditViewModel.swift in Sources */,
				A5DD63E82AF035BB009254C2 /* VehicleEditState.swift in Sources */,
				A53F41632D5E104100FE70B7 /* HomeViewModel.swift in Sources */,
				A5B470ED2CDFF7B200ECE77E /* HomeRouter.swift in Sources */,
				A50FC89D2BE6C4270044E126 /* MileageEditState.swift in Sources */,
				A54F9BEC2B8CC8EB00B002A5 /* LoginRouter.swift in Sources */,
				A5E333892AEBE48F0089DD81 /* AutoCareApp.swift in Sources */,
				A5B470E82CDFF60300ECE77E /* HomeView.swift in Sources */,
				A581939C2BC4296200887056 /* Number+Extensions.swift in Sources */,
				A52C71E52B850CAA007BAFEE /* LoginViewModel.swift in Sources */,
				A53F41662D5E107A00FE70B7 /* HomeState.swift in Sources */,
				A5FCB77E2AED436C0038A546 /* VehicleEditView.swift in Sources */,
				A5E333A52AEBEE2F0089DD81 /* VehicleType.swift in Sources */,
				A5FCB78D2AED49380038A546 /* MileageListViewModel.swift in Sources */,
				A52C71E82B850CCD007BAFEE /* LoginState.swift in Sources */,
				A53F415B2D5E065900FE70B7 /* ServiceListViewModel.swift in Sources */,
				A5C3A94B2BA716D800A0CC21 /* MileagesRouter.swift in Sources */,
				A5FCB7852AED43A10038A546 /* MileageListView.swift in Sources */,
				A53F415D2D5E084900FE70B7 /* VehicleService.swift in Sources */,
				A58ED06E2B83FBBA0023295E /* LoginView.swift in Sources */,
				A5B8898C2BA77488007CB002 /* VehicleMileage.swift in Sources */,
				A5E333A02AEBEAA20089DD81 /* Config.swift in Sources */,
				A55918DE2BA9BE8300EB3ED3 /* MileageListItem.swift in Sources */,
				A50FC8982BE6C12B0044E126 /* View+Extensions.swift in Sources */,
				A53F41692D5E63CF00FE70B7 /* ServiceListState.swift in Sources */,
				A50FC89B2BE6C1550044E126 /* NavigationViewModifier.swift in Sources */,
				A529BB942BC85596003DCCBC /* MileageEditView.swift in Sources */,
				A5DF4BDC2AEEE5DB007D41B2 /* MileageListState.swift in Sources */,
				A53F416B2D5E651C00FE70B7 /* ServiceListItem.swift in Sources */,
				A5C3A94D2BA71D7500A0CC21 /* VehicleListViewModel.swift in Sources */,
				A53F41582D5E05FC00FE70B7 /* ServiceListView.swift in Sources */,
				A5804B302BEBB6D600BE9602 /* CurrencyTextField.swift in Sources */,
			);
			runOnlyForDeploymentPostprocessing = 0;
		};
/* End PBXSourcesBuildPhase section */

/* Begin XCBuildConfiguration section */
		A5E333922AEBE4900089DD81 /* Debug */ = {
			isa = XCBuildConfiguration;
			baseConfigurationReference = A5E3339D2AEBEA300089DD81 /* Config.xcconfig */;
			buildSettings = {
				ALWAYS_SEARCH_USER_PATHS = NO;
				ASSETCATALOG_COMPILER_GENERATE_SWIFT_ASSET_SYMBOL_EXTENSIONS = YES;
				CLANG_ANALYZER_NONNULL = YES;
				CLANG_ANALYZER_NUMBER_OBJECT_CONVERSION = YES_AGGRESSIVE;
				CLANG_CXX_LANGUAGE_STANDARD = "gnu++20";
				CLANG_ENABLE_MODULES = YES;
				CLANG_ENABLE_OBJC_ARC = YES;
				CLANG_ENABLE_OBJC_WEAK = YES;
				CLANG_WARN_BLOCK_CAPTURE_AUTORELEASING = YES;
				CLANG_WARN_BOOL_CONVERSION = YES;
				CLANG_WARN_COMMA = YES;
				CLANG_WARN_CONSTANT_CONVERSION = YES;
				CLANG_WARN_DEPRECATED_OBJC_IMPLEMENTATIONS = YES;
				CLANG_WARN_DIRECT_OBJC_ISA_USAGE = YES_ERROR;
				CLANG_WARN_DOCUMENTATION_COMMENTS = YES;
				CLANG_WARN_EMPTY_BODY = YES;
				CLANG_WARN_ENUM_CONVERSION = YES;
				CLANG_WARN_INFINITE_RECURSION = YES;
				CLANG_WARN_INT_CONVERSION = YES;
				CLANG_WARN_NON_LITERAL_NULL_CONVERSION = YES;
				CLANG_WARN_OBJC_IMPLICIT_RETAIN_SELF = YES;
				CLANG_WARN_OBJC_LITERAL_CONVERSION = YES;
				CLANG_WARN_OBJC_ROOT_CLASS = YES_ERROR;
				CLANG_WARN_QUOTED_INCLUDE_IN_FRAMEWORK_HEADER = YES;
				CLANG_WARN_RANGE_LOOP_ANALYSIS = YES;
				CLANG_WARN_STRICT_PROTOTYPES = YES;
				CLANG_WARN_SUSPICIOUS_MOVE = YES;
				CLANG_WARN_UNGUARDED_AVAILABILITY = YES_AGGRESSIVE;
				CLANG_WARN_UNREACHABLE_CODE = YES;
				CLANG_WARN__DUPLICATE_METHOD_MATCH = YES;
				COPY_PHASE_STRIP = NO;
				DEAD_CODE_STRIPPING = YES;
				DEBUG_INFORMATION_FORMAT = dwarf;
				ENABLE_STRICT_OBJC_MSGSEND = YES;
				ENABLE_TESTABILITY = YES;
				ENABLE_USER_SCRIPT_SANDBOXING = YES;
				GCC_C_LANGUAGE_STANDARD = gnu17;
				GCC_DYNAMIC_NO_PIC = NO;
				GCC_NO_COMMON_BLOCKS = YES;
				GCC_OPTIMIZATION_LEVEL = 0;
				GCC_PREPROCESSOR_DEFINITIONS = (
					"DEBUG=1",
					"$(inherited)",
				);
				GCC_WARN_64_TO_32_BIT_CONVERSION = YES;
				GCC_WARN_ABOUT_RETURN_TYPE = YES_ERROR;
				GCC_WARN_UNDECLARED_SELECTOR = YES;
				GCC_WARN_UNINITIALIZED_AUTOS = YES_AGGRESSIVE;
				GCC_WARN_UNUSED_FUNCTION = YES;
				GCC_WARN_UNUSED_VARIABLE = YES;
				LOCALIZATION_PREFERS_STRING_CATALOGS = YES;
				MTL_ENABLE_DEBUG_INFO = INCLUDE_SOURCE;
				MTL_FAST_MATH = YES;
				ONLY_ACTIVE_ARCH = YES;
				SWIFT_ACTIVE_COMPILATION_CONDITIONS = "DEBUG $(inherited)";
				SWIFT_OPTIMIZATION_LEVEL = "-Onone";
			};
			name = Debug;
		};
		A5E333932AEBE4900089DD81 /* Release */ = {
			isa = XCBuildConfiguration;
			baseConfigurationReference = A5E3339D2AEBEA300089DD81 /* Config.xcconfig */;
			buildSettings = {
				ALWAYS_SEARCH_USER_PATHS = NO;
				ASSETCATALOG_COMPILER_GENERATE_SWIFT_ASSET_SYMBOL_EXTENSIONS = YES;
				CLANG_ANALYZER_NONNULL = YES;
				CLANG_ANALYZER_NUMBER_OBJECT_CONVERSION = YES_AGGRESSIVE;
				CLANG_CXX_LANGUAGE_STANDARD = "gnu++20";
				CLANG_ENABLE_MODULES = YES;
				CLANG_ENABLE_OBJC_ARC = YES;
				CLANG_ENABLE_OBJC_WEAK = YES;
				CLANG_WARN_BLOCK_CAPTURE_AUTORELEASING = YES;
				CLANG_WARN_BOOL_CONVERSION = YES;
				CLANG_WARN_COMMA = YES;
				CLANG_WARN_CONSTANT_CONVERSION = YES;
				CLANG_WARN_DEPRECATED_OBJC_IMPLEMENTATIONS = YES;
				CLANG_WARN_DIRECT_OBJC_ISA_USAGE = YES_ERROR;
				CLANG_WARN_DOCUMENTATION_COMMENTS = YES;
				CLANG_WARN_EMPTY_BODY = YES;
				CLANG_WARN_ENUM_CONVERSION = YES;
				CLANG_WARN_INFINITE_RECURSION = YES;
				CLANG_WARN_INT_CONVERSION = YES;
				CLANG_WARN_NON_LITERAL_NULL_CONVERSION = YES;
				CLANG_WARN_OBJC_IMPLICIT_RETAIN_SELF = YES;
				CLANG_WARN_OBJC_LITERAL_CONVERSION = YES;
				CLANG_WARN_OBJC_ROOT_CLASS = YES_ERROR;
				CLANG_WARN_QUOTED_INCLUDE_IN_FRAMEWORK_HEADER = YES;
				CLANG_WARN_RANGE_LOOP_ANALYSIS = YES;
				CLANG_WARN_STRICT_PROTOTYPES = YES;
				CLANG_WARN_SUSPICIOUS_MOVE = YES;
				CLANG_WARN_UNGUARDED_AVAILABILITY = YES_AGGRESSIVE;
				CLANG_WARN_UNREACHABLE_CODE = YES;
				CLANG_WARN__DUPLICATE_METHOD_MATCH = YES;
				COPY_PHASE_STRIP = NO;
				DEAD_CODE_STRIPPING = YES;
				DEBUG_INFORMATION_FORMAT = "dwarf-with-dsym";
				ENABLE_NS_ASSERTIONS = NO;
				ENABLE_STRICT_OBJC_MSGSEND = YES;
				ENABLE_USER_SCRIPT_SANDBOXING = YES;
				GCC_C_LANGUAGE_STANDARD = gnu17;
				GCC_NO_COMMON_BLOCKS = YES;
				GCC_WARN_64_TO_32_BIT_CONVERSION = YES;
				GCC_WARN_ABOUT_RETURN_TYPE = YES_ERROR;
				GCC_WARN_UNDECLARED_SELECTOR = YES;
				GCC_WARN_UNINITIALIZED_AUTOS = YES_AGGRESSIVE;
				GCC_WARN_UNUSED_FUNCTION = YES;
				GCC_WARN_UNUSED_VARIABLE = YES;
				LOCALIZATION_PREFERS_STRING_CATALOGS = YES;
				MTL_ENABLE_DEBUG_INFO = NO;
				MTL_FAST_MATH = YES;
				SWIFT_COMPILATION_MODE = wholemodule;
			};
			name = Release;
		};
		A5E333952AEBE4900089DD81 /* Debug */ = {
			isa = XCBuildConfiguration;
			baseConfigurationReference = A5E3339D2AEBEA300089DD81 /* Config.xcconfig */;
			buildSettings = {
				ASSETCATALOG_COMPILER_APPICON_NAME = AppIcon;
				ASSETCATALOG_COMPILER_GLOBAL_ACCENT_COLOR_NAME = AccentColor;
				CODE_SIGN_ENTITLEMENTS = AutoCare/AutoCare.entitlements;
				CODE_SIGN_STYLE = Automatic;
				CURRENT_PROJECT_VERSION = 1;
				DEAD_CODE_STRIPPING = YES;
				DEVELOPMENT_ASSET_PATHS = "\"AutoCare/Preview Content\"";
				DEVELOPMENT_TEAM = KB2R5P3BHU;
				ENABLE_HARDENED_RUNTIME = YES;
				ENABLE_PREVIEWS = YES;
				GENERATE_INFOPLIST_FILE = YES;
				INFOPLIST_FILE = AutoCare/Info.plist;
				"INFOPLIST_KEY_UIApplicationSceneManifest_Generation[sdk=iphoneos*]" = YES;
				"INFOPLIST_KEY_UIApplicationSceneManifest_Generation[sdk=iphonesimulator*]" = YES;
				"INFOPLIST_KEY_UIApplicationSupportsIndirectInputEvents[sdk=iphoneos*]" = YES;
				"INFOPLIST_KEY_UIApplicationSupportsIndirectInputEvents[sdk=iphonesimulator*]" = YES;
				"INFOPLIST_KEY_UILaunchScreen_Generation[sdk=iphoneos*]" = YES;
				"INFOPLIST_KEY_UILaunchScreen_Generation[sdk=iphonesimulator*]" = YES;
				"INFOPLIST_KEY_UIStatusBarStyle[sdk=iphoneos*]" = UIStatusBarStyleDefault;
				"INFOPLIST_KEY_UIStatusBarStyle[sdk=iphonesimulator*]" = UIStatusBarStyleDefault;
				INFOPLIST_KEY_UISupportedInterfaceOrientations_iPad = "UIInterfaceOrientationPortrait UIInterfaceOrientationPortraitUpsideDown UIInterfaceOrientationLandscapeLeft UIInterfaceOrientationLandscapeRight";
				INFOPLIST_KEY_UISupportedInterfaceOrientations_iPhone = "UIInterfaceOrientationPortrait UIInterfaceOrientationLandscapeLeft UIInterfaceOrientationLandscapeRight";
				IPHONEOS_DEPLOYMENT_TARGET = 18.0;
				LD_RUNPATH_SEARCH_PATHS = "@executable_path/Frameworks";
				"LD_RUNPATH_SEARCH_PATHS[sdk=macosx*]" = "@executable_path/../Frameworks";
				MACOSX_DEPLOYMENT_TARGET = 15.0;
				MARKETING_VERSION = 1.2.2;
				PRODUCT_BUNDLE_IDENTIFIER = com.alliston.AutoCare;
				PRODUCT_NAME = "$(TARGET_NAME)";
				SDKROOT = auto;
				SUPPORTED_PLATFORMS = "iphoneos iphonesimulator macosx";
				SWIFT_EMIT_LOC_STRINGS = YES;
				SWIFT_VERSION = 5.0;
				TARGETED_DEVICE_FAMILY = "1,2";
			};
			name = Debug;
		};
		A5E333962AEBE4900089DD81 /* Release */ = {
			isa = XCBuildConfiguration;
			baseConfigurationReference = A5E3339D2AEBEA300089DD81 /* Config.xcconfig */;
			buildSettings = {
				ASSETCATALOG_COMPILER_APPICON_NAME = AppIcon;
				ASSETCATALOG_COMPILER_GLOBAL_ACCENT_COLOR_NAME = AccentColor;
				CODE_SIGN_ENTITLEMENTS = AutoCare/AutoCare.entitlements;
				CODE_SIGN_STYLE = Automatic;
				CURRENT_PROJECT_VERSION = 1;
				DEAD_CODE_STRIPPING = YES;
				DEVELOPMENT_ASSET_PATHS = "\"AutoCare/Preview Content\"";
				DEVELOPMENT_TEAM = KB2R5P3BHU;
				ENABLE_HARDENED_RUNTIME = YES;
				ENABLE_PREVIEWS = YES;
				GENERATE_INFOPLIST_FILE = YES;
				INFOPLIST_FILE = AutoCare/Info.plist;
				"INFOPLIST_KEY_UIApplicationSceneManifest_Generation[sdk=iphoneos*]" = YES;
				"INFOPLIST_KEY_UIApplicationSceneManifest_Generation[sdk=iphonesimulator*]" = YES;
				"INFOPLIST_KEY_UIApplicationSupportsIndirectInputEvents[sdk=iphoneos*]" = YES;
				"INFOPLIST_KEY_UIApplicationSupportsIndirectInputEvents[sdk=iphonesimulator*]" = YES;
				"INFOPLIST_KEY_UILaunchScreen_Generation[sdk=iphoneos*]" = YES;
				"INFOPLIST_KEY_UILaunchScreen_Generation[sdk=iphonesimulator*]" = YES;
				"INFOPLIST_KEY_UIStatusBarStyle[sdk=iphoneos*]" = UIStatusBarStyleDefault;
				"INFOPLIST_KEY_UIStatusBarStyle[sdk=iphonesimulator*]" = UIStatusBarStyleDefault;
				INFOPLIST_KEY_UISupportedInterfaceOrientations_iPad = "UIInterfaceOrientationPortrait UIInterfaceOrientationPortraitUpsideDown UIInterfaceOrientationLandscapeLeft UIInterfaceOrientationLandscapeRight";
				INFOPLIST_KEY_UISupportedInterfaceOrientations_iPhone = "UIInterfaceOrientationPortrait UIInterfaceOrientationLandscapeLeft UIInterfaceOrientationLandscapeRight";
				IPHONEOS_DEPLOYMENT_TARGET = 18.0;
				LD_RUNPATH_SEARCH_PATHS = "@executable_path/Frameworks";
				"LD_RUNPATH_SEARCH_PATHS[sdk=macosx*]" = "@executable_path/../Frameworks";
				MACOSX_DEPLOYMENT_TARGET = 15.0;
				MARKETING_VERSION = 1.2.2;
				PRODUCT_BUNDLE_IDENTIFIER = com.alliston.AutoCare;
				PRODUCT_NAME = "$(TARGET_NAME)";
				SDKROOT = auto;
				SUPPORTED_PLATFORMS = "iphoneos iphonesimulator macosx";
				SWIFT_EMIT_LOC_STRINGS = YES;
				SWIFT_VERSION = 5.0;
				TARGETED_DEVICE_FAMILY = "1,2";
			};
			name = Release;
		};
/* End XCBuildConfiguration section */

/* Begin XCConfigurationList section */
		A5E333802AEBE48F0089DD81 /* Build configuration list for PBXProject "AutoCare" */ = {
			isa = XCConfigurationList;
			buildConfigurations = (
				A5E333922AEBE4900089DD81 /* Debug */,
				A5E333932AEBE4900089DD81 /* Release */,
			);
			defaultConfigurationIsVisible = 0;
			defaultConfigurationName = Release;
		};
		A5E333942AEBE4900089DD81 /* Build configuration list for PBXNativeTarget "AutoCare" */ = {
			isa = XCConfigurationList;
			buildConfigurations = (
				A5E333952AEBE4900089DD81 /* Debug */,
				A5E333962AEBE4900089DD81 /* Release */,
			);
			defaultConfigurationIsVisible = 0;
			defaultConfigurationName = Release;
		};
/* End XCConfigurationList section */

/* Begin XCRemoteSwiftPackageReference section */
		A50014B92B86726A00040E3C /* XCRemoteSwiftPackageReference "TTProgressHUD" */ = {
			isa = XCRemoteSwiftPackageReference;
			repositoryURL = "https://github.com/honkmaster/TTProgressHUD";
			requirement = {
				branch = master;
				kind = branch;
			};
		};
		A53B23E72B6443450025AFB1 /* XCRemoteSwiftPackageReference "SwiftUIFormValidator" */ = {
			isa = XCRemoteSwiftPackageReference;
			repositoryURL = "https://github.com/Open-Bytes/SwiftUIFormValidator";
			requirement = {
				kind = upToNextMajorVersion;
				minimumVersion = 1.0.3;
			};
		};
		A546DBE32D50E84700B220A4 /* XCRemoteSwiftPackageReference "realm-swift" */ = {
			isa = XCRemoteSwiftPackageReference;
			repositoryURL = "https://github.com/realm/realm-swift.git";
			requirement = {
				branch = master;
				kind = branch;
			};
		};
/* End XCRemoteSwiftPackageReference section */

/* Begin XCSwiftPackageProductDependency section */
		A50014BA2B86726A00040E3C /* TTProgressHUD */ = {
			isa = XCSwiftPackageProductDependency;
			package = A50014B92B86726A00040E3C /* XCRemoteSwiftPackageReference "TTProgressHUD" */;
			productName = TTProgressHUD;
		};
		A53B23E82B6443450025AFB1 /* FormValidator */ = {
			isa = XCSwiftPackageProductDependency;
			package = A53B23E72B6443450025AFB1 /* XCRemoteSwiftPackageReference "SwiftUIFormValidator" */;
			productName = FormValidator;
		};
		A546DBE42D50E84700B220A4 /* RealmSwift */ = {
			isa = XCSwiftPackageProductDependency;
			package = A546DBE32D50E84700B220A4 /* XCRemoteSwiftPackageReference "realm-swift" */;
			productName = RealmSwift;
		};
/* End XCSwiftPackageProductDependency section */
	};
	rootObject = A5E3337D2AEBE48F0089DD81 /* Project object */;
}
