{
  "pins" : [
    {
      "identity" : "realm-core",
      "kind" : "remoteSourceControl",
      "location" : "https://github.com/realm/realm-core.git",
      "state" : {
        "revision" : "a5e87a39cffdcc591f3203c11cfca68100d0b9a6",
        "version" : "13.26.0"
      }
    },
    {
      "identity" : "realm-swift",
      "kind" : "remoteSourceControl",
      "location" : "https://github.com/realm/realm-swift.git",
      "state" : {
        "branch" : "master",
        "revision" : "33a1eee6ebe4f6a3475c78e8900b7c41c1d74296"
      }
    },
    {
      "identity" : "swiftui-visual-effects",
      "kind" : "remoteSourceControl",
      "location" : "https://github.com/lucasbrown/swiftui-visual-effects.git",
      "state" : {
        "revision" : "b26f8cebd55ff60ed8953768aa818dfb005b5838",
        "version" : "1.0.3"
      }
    },
    {
      "identity" : "swiftuiformvalidator",
      "kind" : "remoteSourceControl",
      "location" : "https://github.com/Open-Bytes/SwiftUIFormValidator",
      "state" : {
        "revision" : "b1cbab3515f65ca998164acbe1057e136d147960",
        "version" : "1.0.3"
      }
    },
    {
      "identity" : "ttprogresshud",
      "kind" : "remoteSourceControl",
      "location" : "https://github.com/honkmaster/TTProgressHUD",
      "state" : {
        "branch" : "master",
        "revision" : "9059a560a66b6b8dc27a441af5831e51ce741f84"
      }
    }
  ],
  "version" : 2
}
